
Microsoft Visual Studio Solution File, Format Version 12.00
# Visual Studio Version 16
VisualStudioVersion = 16.0.30804.86
MinimumVisualStudioVersion = 10.0.40219.1
Project("{FAE04EC0-301F-11D3-BF4B-00C04F79EFBC}") = "Hangfire.Web", "Hangfire.Web\Hangfire.Web.csproj", "{ABD42129-E901-4495-821B-0CEC36CAD07A}"
EndProject
Global
	GlobalSection(SolutionConfigurationPlatforms) = preSolution
		Debug|Any CPU = Debug|Any CPU
		Release|Any CPU = Release|Any CPU
	EndGlobalSection
	GlobalSection(ProjectConfigurationPlatforms) = postSolution
		{ABD42129-E901-4495-821B-0CEC36CAD07A}.Debug|Any CPU.ActiveCfg = Debug|Any CPU
		{ABD42129-E901-4495-821B-0CEC36CAD07A}.Debug|Any CPU.Build.0 = Debug|Any CPU
		{ABD42129-E901-4495-821B-0CEC36CAD07A}.Release|Any CPU.ActiveCfg = Release|Any CPU
		{ABD42129-E901-4495-821B-0CEC36CAD07A}.Release|Any CPU.Build.0 = Release|Any CPU
	EndGlobalSection
	GlobalSection(SolutionProperties) = preSolution
		HideSolutionNode = FALSE
	EndGlobalSection
	GlobalSection(ExtensibilityGlobals) = postSolution
		SolutionGuid = {FFFA6419-FFDB-4C9C-AFA4-15786B325DD7}
	EndGlobalSection
EndGlobal
